
Microsoft Visual Studio Solution File, Format Version 12.00
# Visual Studio Version 17
VisualStudioVersion = 17.14.36301.6 d17.14
MinimumVisualStudioVersion = 10.0.40219.1
Project("{8BC9CEB8-8B4A-11D0-8D11-00A0C91BC942}") = "InfoMonitor", "InfoMonitor.vcxproj", "{5B142D29-3C01-4269-9D10-7F6321375DB6}"
EndProject
Global
	GlobalSection(SolutionConfigurationPlatforms) = preSolution
		Debug|x86 = Debug|x86
		Release|x86 = Release|x86
	EndGlobalSection
	GlobalSection(ProjectConfigurationPlatforms) = postSolution
		{5B142D29-3C01-4269-9D10-7F6321375DB6}.Debug|x86.ActiveCfg = Debug|Win32
		{5B142D29-3C01-4269-9D10-7F6321375DB6}.Debug|x86.Build.0 = Debug|Win32
		{5B142D29-3C01-4269-9D10-7F6321375DB6}.Release|x86.ActiveCfg = Release|Win32
		{5B142D29-3C01-4269-9D10-7F6321375DB6}.Release|x86.Build.0 = Release|Win32
	EndGlobalSection
	GlobalSection(SolutionProperties) = preSolution
		HideSolutionNode = FALSE
	EndGlobalSection
	GlobalSection(ExtensibilityGlobals) = postSolution
		SolutionGuid = {D217B60C-3B49-4794-89CA-57EBBE1DF8BA}
	EndGlobalSection
EndGlobal
