<?xml version="1.0" encoding="utf-8"?>
<Project ToolsVersion="4.0" xmlns="http://schemas.microsoft.com/developer/msbuild/2003">
  <ItemGroup>
    <Filter Include="Resource Files">
      <UniqueIdentifier>{67DA6AB6-F800-4c08-8B7A-83BB121AAD01}</UniqueIdentifier>
      <Extensions>qrc;rc;ico;cur;bmp;dlg;rc2;rct;bin;rgs;gif;jpg;jpeg;jpe;resx;tiff;tif;png;wav;mfcribbon-ms</Extensions>
    </Filter>
    <Filter Include="src">
      <UniqueIdentifier>{91d5bfa0-b6a4-4528-91ab-5e9abf6182fc}</UniqueIdentifier>
    </Filter>
    <Filter Include="src\ui">
      <UniqueIdentifier>{19f9b87f-a2f3-4fa8-9d31-96ff60240975}</UniqueIdentifier>
    </Filter>
    <Filter Include="src\core">
      <UniqueIdentifier>{5316ab54-f20b-492a-90a2-f06b61f3f553}</UniqueIdentifier>
    </Filter>
    <Filter Include="src\utils">
      <UniqueIdentifier>{b43ad789-3727-411b-a9a6-a3944e9d8e95}</UniqueIdentifier>
    </Filter>
    <Filter Include="src\test">
      <UniqueIdentifier>{f24f1ef0-4557-4418-8f36-3896b2d48bf6}</UniqueIdentifier>
    </Filter>
    <Filter Include="src\main">
      <UniqueIdentifier>{c4bb0b42-8c9c-440c-a770-af32f008258e}</UniqueIdentifier>
    </Filter>
  </ItemGroup>
  <ItemGroup>
    <QtRcc Include="InfoMonitor.qrc">
      <Filter>Resource Files</Filter>
    </QtRcc>
  </ItemGroup>
  <ItemGroup>
    <ClCompile Include="src\main\main.cpp">
      <Filter>src\main</Filter>
    </ClCompile>
    <ClCompile Include="src\ui\InfoMonitor.cpp">
      <Filter>src\ui</Filter>
    </ClCompile>
    <ClCompile Include="src\core\IMCoreWrapper.cpp">
      <Filter>src\core</Filter>
    </ClCompile>
    <ClCompile Include="src\ui\IMTray.cpp">
      <Filter>src\ui</Filter>
    </ClCompile>
    <ClCompile Include="src\core\IMCoreConfigManager.cpp">
      <Filter>src\core</Filter>
    </ClCompile>
    <ClCompile Include="src\ui\WindowManager.cpp">
      <Filter>src\ui</Filter>
    </ClCompile>
    <ClCompile Include="src\ui\UIConfigManager.cpp">
      <Filter>src\ui</Filter>
    </ClCompile>
  </ItemGroup>
  <ItemGroup>
    <ClInclude Include="src\core\IIMCore.h">
      <Filter>src\core</Filter>
    </ClInclude>
    <ClInclude Include="src\core\IMCoreWrapper.h">
      <Filter>src\core</Filter>
    </ClInclude>
    <ClInclude Include="src\core\IMCoreDefine.h">
      <Filter>src\core</Filter>
    </ClInclude>
    <ClInclude Include="src\core\IMCoreConfigManager.h">
      <Filter>src\core</Filter>
    </ClInclude>
  </ItemGroup>
  <ItemGroup>
    <QtUic Include="src\ui\InfoMonitor.ui">
      <Filter>src\ui</Filter>
    </QtUic>
  </ItemGroup>
  <ItemGroup>
    <QtMoc Include="src\ui\InfoMonitor.h">
      <Filter>src\ui</Filter>
    </QtMoc>
    <QtMoc Include="src\ui\WindowManager.h">
      <Filter>src\ui</Filter>
    </QtMoc>
    <QtMoc Include="src\ui\UIConfigManager.h">
      <Filter>src\ui</Filter>
    </QtMoc>
    <QtMoc Include="src\ui\IMTray.h">
      <Filter>src\ui</Filter>
    </QtMoc>
  </ItemGroup>
</Project>